
Microsoft Visual Studio Solution File, Format Version 12.00
# Visual Studio 14
VisualStudioVersion = 14.0.23107.0
MinimumVisualStudioVersion = 10.0.40219.1
Project("{FAE04EC0-301F-11D3-BF4B-00C04F79EFBC}") = "ServidorMultiproceso", "ServidorMultiproceso\ServidorMultiproceso.csproj", "{50DC8277-6E65-435E-BFF5-DDB3AAD9B58A}"
EndProject
Project("{FAE04EC0-301F-11D3-BF4B-00C04F79EFBC}") = "ProcesoEsclavo", "ProcesoEsclavo\ProcesoEsclavo.csproj", "{EE0406EE-2474-43D3-AA15-8E98EEE27AFA}"
EndProject
Project("{FAE04EC0-301F-11D3-BF4B-00C04F79EFBC}") = "ClienteHuawei", "ClienteHuawei\ClienteHuawei.csproj", "{D4E9CE35-D414-434D-BB6D-0B2DA7B7CE15}"
EndProject
Global
	GlobalSection(SolutionConfigurationPlatforms) = preSolution
		Debug|Any CPU = Debug|Any CPU
		Release|Any CPU = Release|Any CPU
	EndGlobalSection
	GlobalSection(ProjectConfigurationPlatforms) = postSolution
		{50DC8277-6E65-435E-BFF5-DDB3AAD9B58A}.Debug|Any CPU.ActiveCfg = Debug|Any CPU
		{50DC8277-6E65-435E-BFF5-DDB3AAD9B58A}.Debug|Any CPU.Build.0 = Debug|Any CPU
		{50DC8277-6E65-435E-BFF5-DDB3AAD9B58A}.Release|Any CPU.ActiveCfg = Release|Any CPU
		{50DC8277-6E65-435E-BFF5-DDB3AAD9B58A}.Release|Any CPU.Build.0 = Release|Any CPU
		{EE0406EE-2474-43D3-AA15-8E98EEE27AFA}.Debug|Any CPU.ActiveCfg = Debug|Any CPU
		{EE0406EE-2474-43D3-AA15-8E98EEE27AFA}.Debug|Any CPU.Build.0 = Debug|Any CPU
		{EE0406EE-2474-43D3-AA15-8E98EEE27AFA}.Release|Any CPU.ActiveCfg = Release|Any CPU
		{EE0406EE-2474-43D3-AA15-8E98EEE27AFA}.Release|Any CPU.Build.0 = Release|Any CPU
		{D4E9CE35-D414-434D-BB6D-0B2DA7B7CE15}.Debug|Any CPU.ActiveCfg = Debug|Any CPU
		{D4E9CE35-D414-434D-BB6D-0B2DA7B7CE15}.Debug|Any CPU.Build.0 = Debug|Any CPU
		{D4E9CE35-D414-434D-BB6D-0B2DA7B7CE15}.Release|Any CPU.ActiveCfg = Release|Any CPU
		{D4E9CE35-D414-434D-BB6D-0B2DA7B7CE15}.Release|Any CPU.Build.0 = Release|Any CPU
	EndGlobalSection
	GlobalSection(SolutionProperties) = preSolution
		HideSolutionNode = FALSE
	EndGlobalSection
EndGlobal
